
Microsoft Visual Studio Solution File, Format Version 12.00
Project("{FAE04EC0-301F-11D3-BF4B-00C04F79EFBC}") = "DNSUtility.Ui", "src\DNSUtility.Ui\DNSUtility.Ui.csproj", "{C4EE9EEA-DA31-4C8F-B16A-653EDA9029A8}"
EndProject
Project("{FAE04EC0-301F-11D3-BF4B-00C04F79EFBC}") = "DNSBench-Console-App", "src\DNSBench-Console-App\DNSBench-Console-App.csproj", "{07937C28-68D7-4986-8D8E-52A1F8885F60}"
EndProject
Global
	GlobalSection(SolutionConfigurationPlatforms) = preSolution
		Debug|Any CPU = Debug|Any CPU
		Release|Any CPU = Release|Any CPU
	EndGlobalSection
	GlobalSection(ProjectConfigurationPlatforms) = postSolution
		{C4EE9EEA-DA31-4C8F-B16A-653EDA9029A8}.Debug|Any CPU.ActiveCfg = Debug|Any CPU
		{C4EE9EEA-DA31-4C8F-B16A-653EDA9029A8}.Debug|Any CPU.Build.0 = Debug|Any CPU
		{C4EE9EEA-DA31-4C8F-B16A-653EDA9029A8}.Release|Any CPU.ActiveCfg = Release|Any CPU
		{C4EE9EEA-DA31-4C8F-B16A-653EDA9029A8}.Release|Any CPU.Build.0 = Release|Any CPU
		{07937C28-68D7-4986-8D8E-52A1F8885F60}.Debug|Any CPU.ActiveCfg = Debug|Any CPU
		{07937C28-68D7-4986-8D8E-52A1F8885F60}.Debug|Any CPU.Build.0 = Debug|Any CPU
		{07937C28-68D7-4986-8D8E-52A1F8885F60}.Release|Any CPU.ActiveCfg = Release|Any CPU
		{07937C28-68D7-4986-8D8E-52A1F8885F60}.Release|Any CPU.Build.0 = Release|Any CPU
	EndGlobalSection
EndGlobal
